// !$*UTF8*$!
{
	archiveVersion = 1;
	classes = {
	};
	objectVersion = 48;
	objects = {

/* Begin PBXFileReference section */
		B512C7FD1F9A39AC0061A9D5 /* edp_controller.py */ = {isa = PBXFileReference; lastKnownFileType = text.script.python; path = edp_controller.py; sourceTree = "<group>"; };
		B57D839B1F91159900ACC7AF /* edp_db.py */ = {isa = PBXFileReference; lastKnownFileType = text.script.python; path = edp_db.py; sourceTree = "<group>"; };
		B57D839E1F911F2400ACC7AF /* logging.py */ = {isa = PBXFileReference; lastKnownFileType = text.script.python; path = logging.py; sourceTree = "<group>"; };
		B57D839F1F9122CA00ACC7AF /* edp_system.py */ = {isa = PBXFileReference; lastKnownFileType = text.script.python; path = edp_system.py; sourceTree = "<group>"; };
		B57D83A01F91767000ACC7AF /* edp_router.py */ = {isa = PBXFileReference; lastKnownFileType = text.script.python; path = edp_router.py; sourceTree = "<group>"; };
		B57D83A11F92B12600ACC7AF /* systems.json */ = {isa = PBXFileReference; fileEncoding = 4; lastKnownFileType = text.json; name = systems.json; path = cache/systems.json; sourceTree = SOURCE_ROOT; };
		B5EBCAE41F91129D00A9B58F /* edpath_cli.py */ = {isa = PBXFileReference; lastKnownFileType = text.script.python; path = edpath_cli.py; sourceTree = "<group>"; };
/* End PBXFileReference section */

/* Begin PBXGroup section */
		B57D839A1F91158200ACC7AF /* edp_modules */ = {
			isa = PBXGroup;
			children = (
				B57D839B1F91159900ACC7AF /* edp_db.py */,
				B57D839F1F9122CA00ACC7AF /* edp_system.py */,
				B57D83A01F91767000ACC7AF /* edp_router.py */,
				B512C7FD1F9A39AC0061A9D5 /* edp_controller.py */,
			);
			path = edp_modules;
			sourceTree = "<group>";
		};
		B57D839C1F9115E500ACC7AF /* cache */ = {
			isa = PBXGroup;
			children = (
				B57D83A11F92B12600ACC7AF /* systems.json */,
			);
			name = cache;
			path = "New Group";
			sourceTree = "<group>";
		};
		B57D839D1F911F0C00ACC7AF /* support */ = {
			isa = PBXGroup;
			children = (
				B57D839E1F911F2400ACC7AF /* logging.py */,
			);
			path = support;
			sourceTree = "<group>";
		};
		B5EBCAD91F91124F00A9B58F = {
			isa = PBXGroup;
			children = (
				B5EBCAE41F91129D00A9B58F /* edpath_cli.py */,
				B57D839D1F911F0C00ACC7AF /* support */,
				B57D839C1F9115E500ACC7AF /* cache */,
				B57D839A1F91158200ACC7AF /* edp_modules */,
			);
			sourceTree = "<group>";
		};
/* End PBXGroup section */

/* Begin PBXLegacyTarget section */
		B5EBCADE1F91124F00A9B58F /* edpath */ = {
			isa = PBXLegacyTarget;
			buildArgumentsString = "$(ACTION)";
			buildConfigurationList = B5EBCAE11F91124F00A9B58F /* Build configuration list for PBXLegacyTarget "edpath" */;
			buildPhases = (
			);
			buildToolPath = "/usr/bin/env python3";
			dependencies = (
			);
			name = edpath;
			passBuildSettingsInEnvironment = 1;
			productName = edpath;
		};
/* End PBXLegacyTarget section */

/* Begin PBXProject section */
		B5EBCADA1F91124F00A9B58F /* Project object */ = {
			isa = PBXProject;
			attributes = {
				LastUpgradeCheck = 0900;
				ORGANIZATIONNAME = jorchube;
				TargetAttributes = {
					B5EBCADE1F91124F00A9B58F = {
						CreatedOnToolsVersion = 9.0;
						ProvisioningStyle = Automatic;
					};
				};
			};
			buildConfigurationList = B5EBCADD1F91124F00A9B58F /* Build configuration list for PBXProject "edpath" */;
			compatibilityVersion = "Xcode 8.0";
			developmentRegion = en;
			hasScannedForEncodings = 0;
			knownRegions = (
				en,
			);
			mainGroup = B5EBCAD91F91124F00A9B58F;
			projectDirPath = "";
			projectRoot = "";
			targets = (
				B5EBCADE1F91124F00A9B58F /* edpath */,
			);
		};
/* End PBXProject section */

/* Begin XCBuildConfiguration section */
		B5EBCADF1F91124F00A9B58F /* Debug */ = {
			isa = XCBuildConfiguration;
			buildSettings = {
				ALWAYS_SEARCH_USER_PATHS = NO;
				CLANG_ANALYZER_NONNULL = YES;
				CLANG_ANALYZER_NUMBER_OBJECT_CONVERSION = YES_AGGRESSIVE;
				CLANG_CXX_LANGUAGE_STANDARD = "gnu++14";
				CLANG_CXX_LIBRARY = "libc++";
				CLANG_ENABLE_MODULES = YES;
				CLANG_ENABLE_OBJC_ARC = YES;
				CLANG_WARN_BLOCK_CAPTURE_AUTORELEASING = YES;
				CLANG_WARN_BOOL_CONVERSION = YES;
				CLANG_WARN_COMMA = YES;
				CLANG_WARN_CONSTANT_CONVERSION = YES;
				CLANG_WARN_DIRECT_OBJC_ISA_USAGE = YES_ERROR;
				CLANG_WARN_DOCUMENTATION_COMMENTS = YES;
				CLANG_WARN_EMPTY_BODY = YES;
				CLANG_WARN_ENUM_CONVERSION = YES;
				CLANG_WARN_INFINITE_RECURSION = YES;
				CLANG_WARN_INT_CONVERSION = YES;
				CLANG_WARN_NON_LITERAL_NULL_CONVERSION = YES;
				CLANG_WARN_OBJC_LITERAL_CONVERSION = YES;
				CLANG_WARN_OBJC_ROOT_CLASS = YES_ERROR;
				CLANG_WARN_RANGE_LOOP_ANALYSIS = YES;
				CLANG_WARN_STRICT_PROTOTYPES = YES;
				CLANG_WARN_SUSPICIOUS_MOVE = YES;
				CLANG_WARN_UNGUARDED_AVAILABILITY = YES_AGGRESSIVE;
				CLANG_WARN_UNREACHABLE_CODE = YES;
				CLANG_WARN__DUPLICATE_METHOD_MATCH = YES;
				COPY_PHASE_STRIP = NO;
				DEBUG_INFORMATION_FORMAT = dwarf;
				ENABLE_STRICT_OBJC_MSGSEND = YES;
				ENABLE_TESTABILITY = YES;
				GCC_C_LANGUAGE_STANDARD = gnu11;
				GCC_DYNAMIC_NO_PIC = NO;
				GCC_NO_COMMON_BLOCKS = YES;
				GCC_OPTIMIZATION_LEVEL = 0;
				GCC_PREPROCESSOR_DEFINITIONS = (
					"DEBUG=1",
					"$(inherited)",
				);
				GCC_WARN_64_TO_32_BIT_CONVERSION = YES;
				GCC_WARN_ABOUT_RETURN_TYPE = YES_ERROR;
				GCC_WARN_UNDECLARED_SELECTOR = YES;
				GCC_WARN_UNINITIALIZED_AUTOS = YES_AGGRESSIVE;
				GCC_WARN_UNUSED_FUNCTION = YES;
				GCC_WARN_UNUSED_VARIABLE = YES;
				MTL_ENABLE_DEBUG_INFO = YES;
				ONLY_ACTIVE_ARCH = YES;
			};
			name = Debug;
		};
		B5EBCAE01F91124F00A9B58F /* Release */ = {
			isa = XCBuildConfiguration;
			buildSettings = {
				ALWAYS_SEARCH_USER_PATHS = NO;
				CLANG_ANALYZER_NONNULL = YES;
				CLANG_ANALYZER_NUMBER_OBJECT_CONVERSION = YES_AGGRESSIVE;
				CLANG_CXX_LANGUAGE_STANDARD = "gnu++14";
				CLANG_CXX_LIBRARY = "libc++";
				CLANG_ENABLE_MODULES = YES;
				CLANG_ENABLE_OBJC_ARC = YES;
				CLANG_WARN_BLOCK_CAPTURE_AUTORELEASING = YES;
				CLANG_WARN_BOOL_CONVERSION = YES;
				CLANG_WARN_COMMA = YES;
				CLANG_WARN_CONSTANT_CONVERSION = YES;
				CLANG_WARN_DIRECT_OBJC_ISA_USAGE = YES_ERROR;
				CLANG_WARN_DOCUMENTATION_COMMENTS = YES;
				CLANG_WARN_EMPTY_BODY = YES;
				CLANG_WARN_ENUM_CONVERSION = YES;
				CLANG_WARN_INFINITE_RECURSION = YES;
				CLANG_WARN_INT_CONVERSION = YES;
				CLANG_WARN_NON_LITERAL_NULL_CONVERSION = YES;
				CLANG_WARN_OBJC_LITERAL_CONVERSION = YES;
				CLANG_WARN_OBJC_ROOT_CLASS = YES_ERROR;
				CLANG_WARN_RANGE_LOOP_ANALYSIS = YES;
				CLANG_WARN_STRICT_PROTOTYPES = YES;
				CLANG_WARN_SUSPICIOUS_MOVE = YES;
				CLANG_WARN_UNGUARDED_AVAILABILITY = YES_AGGRESSIVE;
				CLANG_WARN_UNREACHABLE_CODE = YES;
				CLANG_WARN__DUPLICATE_METHOD_MATCH = YES;
				COPY_PHASE_STRIP = NO;
				DEBUG_INFORMATION_FORMAT = "dwarf-with-dsym";
				ENABLE_NS_ASSERTIONS = NO;
				ENABLE_STRICT_OBJC_MSGSEND = YES;
				GCC_C_LANGUAGE_STANDARD = gnu11;
				GCC_NO_COMMON_BLOCKS = YES;
				GCC_WARN_64_TO_32_BIT_CONVERSION = YES;
				GCC_WARN_ABOUT_RETURN_TYPE = YES_ERROR;
				GCC_WARN_UNDECLARED_SELECTOR = YES;
				GCC_WARN_UNINITIALIZED_AUTOS = YES_AGGRESSIVE;
				GCC_WARN_UNUSED_FUNCTION = YES;
				GCC_WARN_UNUSED_VARIABLE = YES;
				MTL_ENABLE_DEBUG_INFO = NO;
			};
			name = Release;
		};
		B5EBCAE21F91124F00A9B58F /* Debug */ = {
			isa = XCBuildConfiguration;
			buildSettings = {
				CODE_SIGN_STYLE = Automatic;
				DEBUGGING_SYMBOLS = YES;
				DEBUG_INFORMATION_FORMAT = dwarf;
				GCC_GENERATE_DEBUGGING_SYMBOLS = YES;
				GCC_OPTIMIZATION_LEVEL = 0;
				OTHER_CFLAGS = "";
				OTHER_LDFLAGS = "";
				PRODUCT_NAME = "$(TARGET_NAME)";
			};
			name = Debug;
		};
		B5EBCAE31F91124F00A9B58F /* Release */ = {
			isa = XCBuildConfiguration;
			buildSettings = {
				CODE_SIGN_STYLE = Automatic;
				DEBUG_INFORMATION_FORMAT = "dwarf-with-dsym";
				OTHER_CFLAGS = "";
				OTHER_LDFLAGS = "";
				PRODUCT_NAME = "$(TARGET_NAME)";
			};
			name = Release;
		};
/* End XCBuildConfiguration section */

/* Begin XCConfigurationList section */
		B5EBCADD1F91124F00A9B58F /* Build configuration list for PBXProject "edpath" */ = {
			isa = XCConfigurationList;
			buildConfigurations = (
				B5EBCADF1F91124F00A9B58F /* Debug */,
				B5EBCAE01F91124F00A9B58F /* Release */,
			);
			defaultConfigurationIsVisible = 0;
			defaultConfigurationName = Release;
		};
		B5EBCAE11F91124F00A9B58F /* Build configuration list for PBXLegacyTarget "edpath" */ = {
			isa = XCConfigurationList;
			buildConfigurations = (
				B5EBCAE21F91124F00A9B58F /* Debug */,
				B5EBCAE31F91124F00A9B58F /* Release */,
			);
			defaultConfigurationIsVisible = 0;
			defaultConfigurationName = Release;
		};
/* End XCConfigurationList section */
	};
	rootObject = B5EBCADA1F91124F00A9B58F /* Project object */;
}
